// !$*UTF8*$!
{
	archiveVersion = 1;
	classes = {
	};
	objectVersion = 46;
	objects = {

/* Begin PBXBuildFile section */
		E7127C471A96951F001218FF /* main.m in Sources */ = {isa = PBXBuildFile; fileRef = E7127C461A96951F001218FF /* main.m */; };
		E7127C4A1A96951F001218FF /* AppDelegate.m in Sources */ = {isa = PBXBuildFile; fileRef = E7127C491A96951F001218FF /* AppDelegate.m */; };
		E7127C4D1A96951F001218FF /* ViewController.m in Sources */ = {isa = PBXBuildFile; fileRef = E7127C4C1A96951F001218FF /* ViewController.m */; };
		E7127C501A96951F001218FF /* Main.storyboard in Resources */ = {isa = PBXBuildFile; fileRef = E7127C4E1A96951F001218FF /* Main.storyboard */; };
		E7127C521A96951F001218FF /* Images.xcassets in Resources */ = {isa = PBXBuildFile; fileRef = E7127C511A96951F001218FF /* Images.xcassets */; };
		E7127C551A969520001218FF /* LaunchScreen.xib in Resources */ = {isa = PBXBuildFile; fileRef = E7127C531A969520001218FF /* LaunchScreen.xib */; };
		E7127C611A969520001218FF /* SizeClassExampleTests.m in Sources */ = {isa = PBXBuildFile; fileRef = E7127C601A969520001218FF /* SizeClassExampleTests.m */; };
/* End PBXBuildFile section */

/* Begin PBXContainerItemProxy section */
		E7127C5B1A969520001218FF /* PBXContainerItemProxy */ = {
			isa = PBXContainerItemProxy;
			containerPortal = E7127C391A96951F001218FF /* Project object */;
			proxyType = 1;
			remoteGlobalIDString = E7127C401A96951F001218FF;
			remoteInfo = SizeClassExample;
		};
/* End PBXContainerItemProxy section */

/* Begin PBXFileReference section */
		E7127C411A96951F001218FF /* SizeClassExample.app */ = {isa = PBXFileReference; explicitFileType = wrapper.application; includeInIndex = 0; path = SizeClassExample.app; sourceTree = BUILT_PRODUCTS_DIR; };
		E7127C451A96951F001218FF /* Info.plist */ = {isa = PBXFileReference; lastKnownFileType = text.plist.xml; path = Info.plist; sourceTree = "<group>"; };
		E7127C461A96951F001218FF /* main.m */ = {isa = PBXFileReference; lastKnownFileType = sourcecode.c.objc; path = main.m; sourceTree = "<group>"; };
		E7127C481A96951F001218FF /* AppDelegate.h */ = {isa = PBXFileReference; lastKnownFileType = sourcecode.c.h; path = AppDelegate.h; sourceTree = "<group>"; };
		E7127C491A96951F001218FF /* AppDelegate.m */ = {isa = PBXFileReference; lastKnownFileType = sourcecode.c.objc; path = AppDelegate.m; sourceTree = "<group>"; };
		E7127C4B1A96951F001218FF /* ViewController.h */ = {isa = PBXFileReference; lastKnownFileType = sourcecode.c.h; path = ViewController.h; sourceTree = "<group>"; };
		E7127C4C1A96951F001218FF /* ViewController.m */ = {isa = PBXFileReference; lastKnownFileType = sourcecode.c.objc; path = ViewController.m; sourceTree = "<group>"; };
		E7127C4F1A96951F001218FF /* Base */ = {isa = PBXFileReference; lastKnownFileType = file.storyboard; name = Base; path = Base.lproj/Main.storyboard; sourceTree = "<group>"; };
		E7127C511A96951F001218FF /* Images.xcassets */ = {isa = PBXFileReference; lastKnownFileType = folder.assetcatalog; path = Images.xcassets; sourceTree = "<group>"; };
		E7127C541A969520001218FF /* Base */ = {isa = PBXFileReference; lastKnownFileType = file.xib; name = Base; path = Base.lproj/LaunchScreen.xib; sourceTree = "<group>"; };
		E7127C5A1A969520001218FF /* SizeClassExampleTests.xctest */ = {isa = PBXFileReference; explicitFileType = wrapper.cfbundle; includeInIndex = 0; path = SizeClassExampleTests.xctest; sourceTree = BUILT_PRODUCTS_DIR; };
		E7127C5F1A969520001218FF /* Info.plist */ = {isa = PBXFileReference; lastKnownFileType = text.plist.xml; path = Info.plist; sourceTree = "<group>"; };
		E7127C601A969520001218FF /* SizeClassExampleTests.m */ = {isa = PBXFileReference; lastKnownFileType = sourcecode.c.objc; path = SizeClassExampleTests.m; sourceTree = "<group>"; };
/* End PBXFileReference section */

/* Begin PBXFrameworksBuildPhase section */
		E7127C3E1A96951F001218FF /* Frameworks */ = {
			isa = PBXFrameworksBuildPhase;
			buildActionMask = 2147483647;
			files = (
			);
			runOnlyForDeploymentPostprocessing = 0;
		};
		E7127C571A969520001218FF /* Frameworks */ = {
			isa = PBXFrameworksBuildPhase;
			buildActionMask = 2147483647;
			files = (
			);
			runOnlyForDeploymentPostprocessing = 0;
		};
/* End PBXFrameworksBuildPhase section */

/* Begin PBXGroup section */
		E7127C381A96951F001218FF = {
			isa = PBXGroup;
			children = (
				E7127C431A96951F001218FF /* SizeClassExample */,
				E7127C5D1A969520001218FF /* SizeClassExampleTests */,
				E7127C421A96951F001218FF /* Products */,
			);
			sourceTree = "<group>";
		};
		E7127C421A96951F001218FF /* Products */ = {
			isa = PBXGroup;
			children = (
				E7127C411A96951F001218FF /* SizeClassExample.app */,
				E7127C5A1A969520001218FF /* SizeClassExampleTests.xctest */,
			);
			name = Products;
			sourceTree = "<group>";
		};
		E7127C431A96951F001218FF /* SizeClassExample */ = {
			isa = PBXGroup;
			children = (
				E7127C481A96951F001218FF /* AppDelegate.h */,
				E7127C491A96951F001218FF /* AppDelegate.m */,
				E7127C4B1A96951F001218FF /* ViewController.h */,
				E7127C4C1A96951F001218FF /* ViewController.m */,
				E7127C4E1A96951F001218FF /* Main.storyboard */,
				E7127C511A96951F001218FF /* Images.xcassets */,
				E7127C531A969520001218FF /* LaunchScreen.xib */,
				E7127C441A96951F001218FF /* Supporting Files */,
			);
			path = SizeClassExample;
			sourceTree = "<group>";
		};
		E7127C441A96951F001218FF /* Supporting Files */ = {
			isa = PBXGroup;
			children = (
				E7127C451A96951F001218FF /* Info.plist */,
				E7127C461A96951F001218FF /* main.m */,
			);
			name = "Supporting Files";
			sourceTree = "<group>";
		};
		E7127C5D1A969520001218FF /* SizeClassExampleTests */ = {
			isa = PBXGroup;
			children = (
				E7127C601A969520001218FF /* SizeClassExampleTests.m */,
				E7127C5E1A969520001218FF /* Supporting Files */,
			);
			path = SizeClassExampleTests;
			sourceTree = "<group>";
		};
		E7127C5E1A969520001218FF /* Supporting Files */ = {
			isa = PBXGroup;
			children = (
				E7127C5F1A969520001218FF /* Info.plist */,
			);
			name = "Supporting Files";
			sourceTree = "<group>";
		};
/* End PBXGroup section */

/* Begin PBXNativeTarget section */
		E7127C401A96951F001218FF /* SizeClassExample */ = {
			isa = PBXNativeTarget;
			buildConfigurationList = E7127C641A969520001218FF /* Build configuration list for PBXNativeTarget "SizeClassExample" */;
			buildPhases = (
				E7127C3D1A96951F001218FF /* Sources */,
				E7127C3E1A96951F001218FF /* Frameworks */,
				E7127C3F1A96951F001218FF /* Resources */,
			);
			buildRules = (
			);
			dependencies = (
			);
			name = SizeClassExample;
			productName = SizeClassExample;
			productReference = E7127C411A96951F001218FF /* SizeClassExample.app */;
			productType = "com.apple.product-type.application";
		};
		E7127C591A969520001218FF /* SizeClassExampleTests */ = {
			isa = PBXNativeTarget;
			buildConfigurationList = E7127C671A969520001218FF /* Build configuration list for PBXNativeTarget "SizeClassExampleTests" */;
			buildPhases = (
				E7127C561A969520001218FF /* Sources */,
				E7127C571A969520001218FF /* Frameworks */,
				E7127C581A969520001218FF /* Resources */,
			);
			buildRules = (
			);
			dependencies = (
				E7127C5C1A969520001218FF /* PBXTargetDependency */,
			);
			name = SizeClassExampleTests;
			productName = SizeClassExampleTests;
			productReference = E7127C5A1A969520001218FF /* SizeClassExampleTests.xctest */;
			productType = "com.apple.product-type.bundle.unit-test";
		};
/* End PBXNativeTarget section */

/* Begin PBXProject section */
		E7127C391A96951F001218FF /* Project object */ = {
			isa = PBXProject;
			attributes = {
				LastUpgradeCheck = 0610;
				ORGANIZATIONNAME = DevMountain;
				TargetAttributes = {
					E7127C401A96951F001218FF = {
						CreatedOnToolsVersion = 6.1.1;
					};
					E7127C591A969520001218FF = {
						CreatedOnToolsVersion = 6.1.1;
						TestTargetID = E7127C401A96951F001218FF;
					};
				};
			};
			buildConfigurationList = E7127C3C1A96951F001218FF /* Build configuration list for PBXProject "SizeClassExample" */;
			compatibilityVersion = "Xcode 3.2";
			developmentRegion = English;
			hasScannedForEncodings = 0;
			knownRegions = (
				en,
				Base,
			);
			mainGroup = E7127C381A96951F001218FF;
			productRefGroup = E7127C421A96951F001218FF /* Products */;
			projectDirPath = "";
			projectRoot = "";
			targets = (
				E7127C401A96951F001218FF /* SizeClassExample */,
				E7127C591A969520001218FF /* SizeClassExampleTests */,
			);
		};
/* End PBXProject section */

/* Begin PBXResourcesBuildPhase section */
		E7127C3F1A96951F001218FF /* Resources */ = {
			isa = PBXResourcesBuildPhase;
			buildActionMask = 2147483647;
			files = (
				E7127C501A96951F001218FF /* Main.storyboard in Resources */,
				E7127C551A969520001218FF /* LaunchScreen.xib in Resources */,
				E7127C521A96951F001218FF /* Images.xcassets in Resources */,
			);
			runOnlyForDeploymentPostprocessing = 0;
		};
		E7127C581A969520001218FF /* Resources */ = {
			isa = PBXResourcesBuildPhase;
			buildActionMask = 2147483647;
			files = (
			);
			runOnlyForDeploymentPostprocessing = 0;
		};
/* End PBXResourcesBuildPhase section */

/* Begin PBXSourcesBuildPhase section */
		E7127C3D1A96951F001218FF /* Sources */ = {
			isa = PBXSourcesBuildPhase;
			buildActionMask = 2147483647;
			files = (
				E7127C4D1A96951F001218FF /* ViewController.m in Sources */,
				E7127C4A1A96951F001218FF /* AppDelegate.m in Sources */,
				E7127C471A96951F001218FF /* main.m in Sources */,
			);
			runOnlyForDeploymentPostprocessing = 0;
		};
		E7127C561A969520001218FF /* Sources */ = {
			isa = PBXSourcesBuildPhase;
			buildActionMask = 2147483647;
			files = (
				E7127C611A969520001218FF /* SizeClassExampleTests.m in Sources */,
			);
			runOnlyForDeploymentPostprocessing = 0;
		};
/* End PBXSourcesBuildPhase section */

/* Begin PBXTargetDependency section */
		E7127C5C1A969520001218FF /* PBXTargetDependency */ = {
			isa = PBXTargetDependency;
			target = E7127C401A96951F001218FF /* SizeClassExample */;
			targetProxy = E7127C5B1A969520001218FF /* PBXContainerItemProxy */;
		};
/* End PBXTargetDependency section */

/* Begin PBXVariantGroup section */
		E7127C4E1A96951F001218FF /* Main.storyboard */ = {
			isa = PBXVariantGroup;
			children = (
				E7127C4F1A96951F001218FF /* Base */,
			);
			name = Main.storyboard;
			sourceTree = "<group>";
		};
		E7127C531A969520001218FF /* LaunchScreen.xib */ = {
			isa = PBXVariantGroup;
			children = (
				E7127C541A969520001218FF /* Base */,
			);
			name = LaunchScreen.xib;
			sourceTree = "<group>";
		};
/* End PBXVariantGroup section */

/* Begin XCBuildConfiguration section */
		E7127C621A969520001218FF /* Debug */ = {
			isa = XCBuildConfiguration;
			buildSettings = {
				ALWAYS_SEARCH_USER_PATHS = NO;
				CLANG_CXX_LANGUAGE_STANDARD = "gnu++0x";
				CLANG_CXX_LIBRARY = "libc++";
				CLANG_ENABLE_MODULES = YES;
				CLANG_ENABLE_OBJC_ARC = YES;
				CLANG_WARN_BOOL_CONVERSION = YES;
				CLANG_WARN_CONSTANT_CONVERSION = YES;
				CLANG_WARN_DIRECT_OBJC_ISA_USAGE = YES_ERROR;
				CLANG_WARN_EMPTY_BODY = YES;
				CLANG_WARN_ENUM_CONVERSION = YES;
				CLANG_WARN_INT_CONVERSION = YES;
				CLANG_WARN_OBJC_ROOT_CLASS = YES_ERROR;
				CLANG_WARN_UNREACHABLE_CODE = YES;
				CLANG_WARN__DUPLICATE_METHOD_MATCH = YES;
				"CODE_SIGN_IDENTITY[sdk=iphoneos*]" = "iPhone Developer";
				COPY_PHASE_STRIP = NO;
				ENABLE_STRICT_OBJC_MSGSEND = YES;
				GCC_C_LANGUAGE_STANDARD = gnu99;
				GCC_DYNAMIC_NO_PIC = NO;
				GCC_OPTIMIZATION_LEVEL = 0;
				GCC_PREPROCESSOR_DEFINITIONS = (
					"DEBUG=1",
					"$(inherited)",
				);
				GCC_SYMBOLS_PRIVATE_EXTERN = NO;
				GCC_WARN_64_TO_32_BIT_CONVERSION = YES;
				GCC_WARN_ABOUT_RETURN_TYPE = YES_ERROR;
				GCC_WARN_UNDECLARED_SELECTOR = YES;
				GCC_WARN_UNINITIALIZED_AUTOS = YES_AGGRESSIVE;
				GCC_WARN_UNUSED_FUNCTION = YES;
				GCC_WARN_UNUSED_VARIABLE = YES;
				IPHONEOS_DEPLOYMENT_TARGET = 8.1;
				MTL_ENABLE_DEBUG_INFO = YES;
				ONLY_ACTIVE_ARCH = YES;
				SDKROOT = iphoneos;
				TARGETED_DEVICE_FAMILY = "1,2";
			};
			name = Debug;
		};
		E7127C631A969520001218FF /* Release */ = {
			isa = XCBuildConfiguration;
			buildSettings = {
				ALWAYS_SEARCH_USER_PATHS = NO;
				CLANG_CXX_LANGUAGE_STANDARD = "gnu++0x";
				CLANG_CXX_LIBRARY = "libc++";
				CLANG_ENABLE_MODULES = YES;
				CLANG_ENABLE_OBJC_ARC = YES;
				CLANG_WARN_BOOL_CONVERSION = YES;
				CLANG_WARN_CONSTANT_CONVERSION = YES;
				CLANG_WARN_DIRECT_OBJC_ISA_USAGE = YES_ERROR;
				CLANG_WARN_EMPTY_BODY = YES;
				CLANG_WARN_ENUM_CONVERSION = YES;
				CLANG_WARN_INT_CONVERSION = YES;
				CLANG_WARN_OBJC_ROOT_CLASS = YES_ERROR;
				CLANG_WARN_UNREACHABLE_CODE = YES;
				CLANG_WARN__DUPLICATE_METHOD_MATCH = YES;
				"CODE_SIGN_IDENTITY[sdk=iphoneos*]" = "iPhone Developer";
				COPY_PHASE_STRIP = YES;
				ENABLE_NS_ASSERTIONS = NO;
				ENABLE_STRICT_OBJC_MSGSEND = YES;
				GCC_C_LANGUAGE_STANDARD = gnu99;
				GCC_WARN_64_TO_32_BIT_CONVERSION = YES;
				GCC_WARN_ABOUT_RETURN_TYPE = YES_ERROR;
				GCC_WARN_UNDECLARED_SELECTOR = YES;
				GCC_WARN_UNINITIALIZED_AUTOS = YES_AGGRESSIVE;
				GCC_WARN_UNUSED_FUNCTION = YES;
				GCC_WARN_UNUSED_VARIABLE = YES;
				IPHONEOS_DEPLOYMENT_TARGET = 8.1;
				MTL_ENABLE_DEBUG_INFO = NO;
				SDKROOT = iphoneos;
				TARGETED_DEVICE_FAMILY = "1,2";
				VALIDATE_PRODUCT = YES;
			};
			name = Release;
		};
		E7127C651A969520001218FF /* Debug */ = {
			isa = XCBuildConfiguration;
			buildSettings = {
				ASSETCATALOG_COMPILER_APPICON_NAME = AppIcon;
				INFOPLIST_FILE = SizeClassExample/Info.plist;
				LD_RUNPATH_SEARCH_PATHS = "$(inherited) @executable_path/Frameworks";
				PRODUCT_NAME = "$(TARGET_NAME)";
			};
			name = Debug;
		};
		E7127C661A969520001218FF /* Release */ = {
			isa = XCBuildConfiguration;
			buildSettings = {
				ASSETCATALOG_COMPILER_APPICON_NAME = AppIcon;
				INFOPLIST_FILE = SizeClassExample/Info.plist;
				LD_RUNPATH_SEARCH_PATHS = "$(inherited) @executable_path/Frameworks";
				PRODUCT_NAME = "$(TARGET_NAME)";
			};
			name = Release;
		};
		E7127C681A969520001218FF /* Debug */ = {
			isa = XCBuildConfiguration;
			buildSettings = {
				BUNDLE_LOADER = "$(TEST_HOST)";
				FRAMEWORK_SEARCH_PATHS = (
					"$(SDKROOT)/Developer/Library/Frameworks",
					"$(inherited)",
				);
				GCC_PREPROCESSOR_DEFINITIONS = (
					"DEBUG=1",
					"$(inherited)",
				);
				INFOPLIST_FILE = SizeClassExampleTests/Info.plist;
				LD_RUNPATH_SEARCH_PATHS = "$(inherited) @executable_path/Frameworks @loader_path/Frameworks";
				PRODUCT_NAME = "$(TARGET_NAME)";
				TEST_HOST = "$(BUILT_PRODUCTS_DIR)/SizeClassExample.app/SizeClassExample";
			};
			name = Debug;
		};
		E7127C691A969520001218FF /* Release */ = {
			isa = XCBuildConfiguration;
			buildSettings = {
				BUNDLE_LOADER = "$(TEST_HOST)";
				FRAMEWORK_SEARCH_PATHS = (
					"$(SDKROOT)/Developer/Library/Frameworks",
					"$(inherited)",
				);
				INFOPLIST_FILE = SizeClassExampleTests/Info.plist;
				LD_RUNPATH_SEARCH_PATHS = "$(inherited) @executable_path/Frameworks @loader_path/Frameworks";
				PRODUCT_NAME = "$(TARGET_NAME)";
				TEST_HOST = "$(BUILT_PRODUCTS_DIR)/SizeClassExample.app/SizeClassExample";
			};
			name = Release;
		};
/* End XCBuildConfiguration section */

/* Begin XCConfigurationList section */
		E7127C3C1A96951F001218FF /* Build configuration list for PBXProject "SizeClassExample" */ = {
			isa = XCConfigurationList;
			buildConfigurations = (
				E7127C621A969520001218FF /* Debug */,
				E7127C631A969520001218FF /* Release */,
			);
			defaultConfigurationIsVisible = 0;
			defaultConfigurationName = Release;
		};
		E7127C641A969520001218FF /* Build configuration list for PBXNativeTarget "SizeClassExample" */ = {
			isa = XCConfigurationList;
			buildConfigurations = (
				E7127C651A969520001218FF /* Debug */,
				E7127C661A969520001218FF /* Release */,
			);
			defaultConfigurationIsVisible = 0;
		};
		E7127C671A969520001218FF /* Build configuration list for PBXNativeTarget "SizeClassExampleTests" */ = {
			isa = XCConfigurationList;
			buildConfigurations = (
				E7127C681A969520001218FF /* Debug */,
				E7127C691A969520001218FF /* Release */,
			);
			defaultConfigurationIsVisible = 0;
		};
/* End XCConfigurationList section */
	};
	rootObject = E7127C391A96951F001218FF /* Project object */;
}
